Microsoft Visual Studio Solution File, Format Version 12.00
# Visual Studio Version 17
VisualStudioVersion = 17.0.31903.59
MinimumVisualStudioVersion = 10.0.40219.1
Project("{8BC9CEB8-8B4A-11D0-8D11-00A0C91BC942}") = "PfKernelPattern", "driver\PfKernelPattern.vcxproj", "{7D462711-816A-44A7-A78E-DDE8E44C640A}"
EndProject
Project("{8BC9CEB8-8B4A-11D0-8D11-00A0C91BC942}") = "PfKernelPatternTool", "user\PfKernelPatternTool.vcxproj", "{8CB503E0-783A-4BB1-9975-53D68083ED72}"
EndProject
Global
    GlobalSection(SolutionConfigurationPlatforms) = preSolution
        Debug|x64 = Debug|x64
        Release|x64 = Release|x64
    EndGlobalSection
    GlobalSection(ProjectConfigurationPlatforms) = postSolution
        {7D462711-816A-44A7-A78E-DDE8E44C640A}.Debug|x64.ActiveCfg = Debug|x64
        {7D462711-816A-44A7-A78E-DDE8E44C640A}.Debug|x64.Build.0 = Debug|x64
        {7D462711-816A-44A7-A78E-DDE8E44C640A}.Release|x64.ActiveCfg = Release|x64
        {7D462711-816A-44A7-A78E-DDE8E44C640A}.Release|x64.Build.0 = Release|x64
        {8CB503E0-783A-4BB1-9975-53D68083ED72}.Debug|x64.ActiveCfg = Debug|x64
        {8CB503E0-783A-4BB1-9975-53D68083ED72}.Debug|x64.Build.0 = Debug|x64
        {8CB503E0-783A-4BB1-9975-53D68083ED72}.Release|x64.ActiveCfg = Release|x64
        {8CB503E0-783A-4BB1-9975-53D68083ED72}.Release|x64.Build.0 = Release|x64
    EndGlobalSection
    GlobalSection(SolutionProperties) = preSolution
        HideSolutionNode = FALSE
    EndGlobalSection
EndGlobal
